
Microsoft Visual Studio Solution File, Format Version 12.00
# Visual Studio Version 17
VisualStudioVersion = 17.3.32901.215
MinimumVisualStudioVersion = 10.0.40219.1
Project("{FAE04EC0-301F-11D3-BF4B-00C04F79EFBC}") = "Practice_10_var_11", "Practice_10_var_11\Practice_10_var_11.csproj", "{BF17657A-ED38-47EA-8545-B7DBB9B64185}"
EndProject
Global
	GlobalSection(SolutionConfigurationPlatforms) = preSolution
		Debug|Any CPU = Debug|Any CPU
		Release|Any CPU = Release|Any CPU
	EndGlobalSection
	GlobalSection(ProjectConfigurationPlatforms) = postSolution
		{BF17657A-ED38-47EA-8545-B7DBB9B64185}.Debug|Any CPU.ActiveCfg = Debug|Any CPU
		{BF17657A-ED38-47EA-8545-B7DBB9B64185}.Debug|Any CPU.Build.0 = Debug|Any CPU
		{BF17657A-ED38-47EA-8545-B7DBB9B64185}.Release|Any CPU.ActiveCfg = Release|Any CPU
		{BF17657A-ED38-47EA-8545-B7DBB9B64185}.Release|Any CPU.Build.0 = Release|Any CPU
	EndGlobalSection
	GlobalSection(SolutionProperties) = preSolution
		HideSolutionNode = FALSE
	EndGlobalSection
	GlobalSection(ExtensibilityGlobals) = postSolution
		SolutionGuid = {0372DD95-2B3A-4777-AD02-228C5AE19704}
	EndGlobalSection
EndGlobal
