
Microsoft Visual Studio Solution File, Format Version 12.00
# Visual Studio Version 17
VisualStudioVersion = 17.3.32819.101
MinimumVisualStudioVersion = 10.0.40219.1
Project("{FAE04EC0-301F-11D3-BF4B-00C04F79EFBC}") = "Practice_10_var_11", "Practice_10_var_11.csproj", "{2461D3B2-309B-4B81-A65E-97185915796F}"
EndProject
Global
	GlobalSection(SolutionConfigurationPlatforms) = preSolution
		Debug|Any CPU = Debug|Any CPU
		Release|Any CPU = Release|Any CPU
	EndGlobalSection
	GlobalSection(ProjectConfigurationPlatforms) = postSolution
		{2461D3B2-309B-4B81-A65E-97185915796F}.Debug|Any CPU.ActiveCfg = Debug|Any CPU
		{2461D3B2-309B-4B81-A65E-97185915796F}.Debug|Any CPU.Build.0 = Debug|Any CPU
		{2461D3B2-309B-4B81-A65E-97185915796F}.Release|Any CPU.ActiveCfg = Release|Any CPU
		{2461D3B2-309B-4B81-A65E-97185915796F}.Release|Any CPU.Build.0 = Release|Any CPU
	EndGlobalSection
	GlobalSection(SolutionProperties) = preSolution
		HideSolutionNode = FALSE
	EndGlobalSection
	GlobalSection(ExtensibilityGlobals) = postSolution
		SolutionGuid = {50F925EC-6649-429A-82CF-D33DA326EA42}
	EndGlobalSection
EndGlobal
