
Microsoft Visual Studio Solution File, Format Version 12.00
# Visual Studio Version 17
VisualStudioVersion = 17.3.32819.101
MinimumVisualStudioVersion = 10.0.40219.1
Project("{FAE04EC0-301F-11D3-BF4B-00C04F79EFBC}") = "Practice1_Var11", "Practice1_Var11.csproj", "{166FA6C6-908F-46A2-98D9-34AF6FE9A9F2}"
EndProject
Global
	GlobalSection(SolutionConfigurationPlatforms) = preSolution
		Debug|Any CPU = Debug|Any CPU
		Release|Any CPU = Release|Any CPU
	EndGlobalSection
	GlobalSection(ProjectConfigurationPlatforms) = postSolution
		{166FA6C6-908F-46A2-98D9-34AF6FE9A9F2}.Debug|Any CPU.ActiveCfg = Debug|Any CPU
		{166FA6C6-908F-46A2-98D9-34AF6FE9A9F2}.Debug|Any CPU.Build.0 = Debug|Any CPU
		{166FA6C6-908F-46A2-98D9-34AF6FE9A9F2}.Release|Any CPU.ActiveCfg = Release|Any CPU
		{166FA6C6-908F-46A2-98D9-34AF6FE9A9F2}.Release|Any CPU.Build.0 = Release|Any CPU
	EndGlobalSection
	GlobalSection(SolutionProperties) = preSolution
		HideSolutionNode = FALSE
	EndGlobalSection
	GlobalSection(ExtensibilityGlobals) = postSolution
		SolutionGuid = {928D8644-61E4-460C-AF78-7790807D9F90}
	EndGlobalSection
EndGlobal
