
Microsoft Visual Studio Solution File, Format Version 12.00
# Visual Studio Version 17
VisualStudioVersion = 17.3.32819.101
MinimumVisualStudioVersion = 10.0.40219.1
Project("{FAE04EC0-301F-11D3-BF4B-00C04F79EFBC}") = "Practice_9_var_11", "Practice_9_var_11.csproj", "{97D3B25F-ABBA-4107-ADDD-42AD2AAE9E76}"
EndProject
Global
	GlobalSection(SolutionConfigurationPlatforms) = preSolution
		Debug|Any CPU = Debug|Any CPU
		Release|Any CPU = Release|Any CPU
	EndGlobalSection
	GlobalSection(ProjectConfigurationPlatforms) = postSolution
		{97D3B25F-ABBA-4107-ADDD-42AD2AAE9E76}.Debug|Any CPU.ActiveCfg = Debug|Any CPU
		{97D3B25F-ABBA-4107-ADDD-42AD2AAE9E76}.Debug|Any CPU.Build.0 = Debug|Any CPU
		{97D3B25F-ABBA-4107-ADDD-42AD2AAE9E76}.Release|Any CPU.ActiveCfg = Release|Any CPU
		{97D3B25F-ABBA-4107-ADDD-42AD2AAE9E76}.Release|Any CPU.Build.0 = Release|Any CPU
	EndGlobalSection
	GlobalSection(SolutionProperties) = preSolution
		HideSolutionNode = FALSE
	EndGlobalSection
	GlobalSection(ExtensibilityGlobals) = postSolution
		SolutionGuid = {FDDFAF67-1A50-42D3-A604-F62BE8660E76}
	EndGlobalSection
EndGlobal
