
Microsoft Visual Studio Solution File, Format Version 12.00
# Visual Studio Version 17
VisualStudioVersion = 17.3.32819.101
MinimumVisualStudioVersion = 10.0.40219.1
Project("{FAE04EC0-301F-11D3-BF4B-00C04F79EFBC}") = "Practice12_var_11", "Practice12_var_11\Practice12_var_11.csproj", "{F98CCD3D-8205-4221-9E11-C69E84EE452F}"
EndProject
Global
	GlobalSection(SolutionConfigurationPlatforms) = preSolution
		Debug|Any CPU = Debug|Any CPU
		Release|Any CPU = Release|Any CPU
	EndGlobalSection
	GlobalSection(ProjectConfigurationPlatforms) = postSolution
		{F98CCD3D-8205-4221-9E11-C69E84EE452F}.Debug|Any CPU.ActiveCfg = Debug|Any CPU
		{F98CCD3D-8205-4221-9E11-C69E84EE452F}.Debug|Any CPU.Build.0 = Debug|Any CPU
		{F98CCD3D-8205-4221-9E11-C69E84EE452F}.Release|Any CPU.ActiveCfg = Release|Any CPU
		{F98CCD3D-8205-4221-9E11-C69E84EE452F}.Release|Any CPU.Build.0 = Release|Any CPU
	EndGlobalSection
	GlobalSection(SolutionProperties) = preSolution
		HideSolutionNode = FALSE
	EndGlobalSection
	GlobalSection(ExtensibilityGlobals) = postSolution
		SolutionGuid = {8CB00EF6-E4B2-4038-93E8-888326F0A418}
	EndGlobalSection
EndGlobal
