
Microsoft Visual Studio Solution File, Format Version 12.00
# Visual Studio Version 17
VisualStudioVersion = 17.3.32819.101
MinimumVisualStudioVersion = 10.0.40219.1
Project("{FAE04EC0-301F-11D3-BF4B-00C04F79EFBC}") = "Practice_4_Var11", "Practice_4_Var11.csproj", "{8F6A436C-BEAD-4BAE-813D-00AA2BEBA6C8}"
EndProject
Global
	GlobalSection(SolutionConfigurationPlatforms) = preSolution
		Debug|Any CPU = Debug|Any CPU
		Release|Any CPU = Release|Any CPU
	EndGlobalSection
	GlobalSection(ProjectConfigurationPlatforms) = postSolution
		{8F6A436C-BEAD-4BAE-813D-00AA2BEBA6C8}.Debug|Any CPU.ActiveCfg = Debug|Any CPU
		{8F6A436C-BEAD-4BAE-813D-00AA2BEBA6C8}.Debug|Any CPU.Build.0 = Debug|Any CPU
		{8F6A436C-BEAD-4BAE-813D-00AA2BEBA6C8}.Release|Any CPU.ActiveCfg = Release|Any CPU
		{8F6A436C-BEAD-4BAE-813D-00AA2BEBA6C8}.Release|Any CPU.Build.0 = Release|Any CPU
	EndGlobalSection
	GlobalSection(SolutionProperties) = preSolution
		HideSolutionNode = FALSE
	EndGlobalSection
	GlobalSection(ExtensibilityGlobals) = postSolution
		SolutionGuid = {0F70FA0F-18E4-42BB-8D4F-E2926660D6F2}
	EndGlobalSection
EndGlobal
